
Microsoft Visual Studio Solution File, Format Version 12.00
# Visual Studio Version 17
VisualStudioVersion = 17.0.32014.148
MinimumVisualStudioVersion = 10.0.40219.1
Project("{8BC9CEB8-8B4A-11D0-8D11-00A0C91BC942}") = "itl2", "itl2\itl2.vcxproj", "{0016FE37-4BCD-44DC-A6EC-0470999ECCE6}"
EndProject
Project("{8BC9CEB8-8B4A-11D0-8D11-00A0C91BC942}") = "itl2tests", "itl2tests\itl2tests.vcxproj", "{C89BF896-BE2E-4770-9C19-C398F6FCAB78}"
	ProjectSection(ProjectDependencies) = postProject
		{0016FE37-4BCD-44DC-A6EC-0470999ECCE6} = {0016FE37-4BCD-44DC-A6EC-0470999ECCE6}
	EndProjectSection
EndProject
Project("{8BC9CEB8-8B4A-11D0-8D11-00A0C91BC942}") = "pi2", "pi2\pi2.vcxproj", "{48F53866-25B9-4EE3-B0EE-D68790624930}"
	ProjectSection(ProjectDependencies) = postProject
		{58FEC952-8144-4B6D-9A31-A85784BF038A} = {58FEC952-8144-4B6D-9A31-A85784BF038A}
	EndProjectSection
EndProject
Project("{8BC9CEB8-8B4A-11D0-8D11-00A0C91BC942}") = "pilib", "pilib\pilib.vcxproj", "{58FEC952-8144-4B6D-9A31-A85784BF038A}"
	ProjectSection(ProjectDependencies) = postProject
		{0016FE37-4BCD-44DC-A6EC-0470999ECCE6} = {0016FE37-4BCD-44DC-A6EC-0470999ECCE6}
	EndProjectSection
EndProject
Project("{888888A0-9F3D-457C-B088-3A5042F75D52}") = "python_scripts", "python_scripts\python_scripts.pyproj", "{BA94B144-C555-4822-8258-53A8861B7DC7}"
EndProject
Project("{2150E333-8FDC-42A3-9474-1A3956D46DE8}") = "Solution Items", "Solution Items", "{CA616BFE-3881-423D-9002-07CE74B909E6}"
	ProjectSection(SolutionItems) = preProject
		build_instructions_linux.md = build_instructions_linux.md
		build_instructions_macos.md = build_instructions_macos.md
		build_instructions_windows.md = build_instructions_windows.md
		cluster_instructions.md = cluster_instructions.md
		LICENSE.txt = LICENSE.txt
		example_config\local_config.txt = example_config\local_config.txt
		example_config\lsf_config.txt = example_config\lsf_config.txt
		README.md = README.md
		example_config\rm-stitch-temp.cmd = example_config\rm-stitch-temp.cmd
		example_config\rm-stitch-temp.sh = example_config\rm-stitch-temp.sh
		example_config\slurm_config.txt = example_config\slurm_config.txt
		example_config\stitch_settings.txt = example_config\stitch_settings.txt
		example_config\slurm_config_ra-any.psi.ch.txt = example_config\slurm_config_ra-any.psi.ch.txt
		example_config\slurm_config_puhti-any.bullx.txt = example_config\slurm_config_puhti-any.bullx.txt
	EndProjectSection
EndProject
Global
	GlobalSection(SolutionConfigurationPlatforms) = preSolution
		Debug no OpenCL|Any CPU = Debug no OpenCL|Any CPU
		Debug no OpenCL|x64 = Debug no OpenCL|x64
		Debug|Any CPU = Debug|Any CPU
		Debug|x64 = Debug|x64
		Release no OpenCL|Any CPU = Release no OpenCL|Any CPU
		Release no OpenCL|x64 = Release no OpenCL|x64
		Release|Any CPU = Release|Any CPU
		Release|x64 = Release|x64
	EndGlobalSection
	GlobalSection(ProjectConfigurationPlatforms) = postSolution
		{0016FE37-4BCD-44DC-A6EC-0470999ECCE6}.Debug no OpenCL|Any CPU.ActiveCfg = Debug no OpenCL|x64
		{0016FE37-4BCD-44DC-A6EC-0470999ECCE6}.Debug no OpenCL|Any CPU.Build.0 = Debug no OpenCL|x64
		{0016FE37-4BCD-44DC-A6EC-0470999ECCE6}.Debug no OpenCL|x64.ActiveCfg = Debug no OpenCL|x64
		{0016FE37-4BCD-44DC-A6EC-0470999ECCE6}.Debug no OpenCL|x64.Build.0 = Debug no OpenCL|x64
		{0016FE37-4BCD-44DC-A6EC-0470999ECCE6}.Debug|Any CPU.ActiveCfg = Debug|x64
		{0016FE37-4BCD-44DC-A6EC-0470999ECCE6}.Debug|Any CPU.Build.0 = Debug|x64
		{0016FE37-4BCD-44DC-A6EC-0470999ECCE6}.Debug|x64.ActiveCfg = Debug|x64
		{0016FE37-4BCD-44DC-A6EC-0470999ECCE6}.Debug|x64.Build.0 = Debug|x64
		{0016FE37-4BCD-44DC-A6EC-0470999ECCE6}.Release no OpenCL|Any CPU.ActiveCfg = Release no OpenCL|x64
		{0016FE37-4BCD-44DC-A6EC-0470999ECCE6}.Release no OpenCL|Any CPU.Build.0 = Release no OpenCL|x64
		{0016FE37-4BCD-44DC-A6EC-0470999ECCE6}.Release no OpenCL|x64.ActiveCfg = Release no OpenCL|x64
		{0016FE37-4BCD-44DC-A6EC-0470999ECCE6}.Release no OpenCL|x64.Build.0 = Release no OpenCL|x64
		{0016FE37-4BCD-44DC-A6EC-0470999ECCE6}.Release|Any CPU.ActiveCfg = Release|x64
		{0016FE37-4BCD-44DC-A6EC-0470999ECCE6}.Release|Any CPU.Build.0 = Release|x64
		{0016FE37-4BCD-44DC-A6EC-0470999ECCE6}.Release|x64.ActiveCfg = Release|x64
		{0016FE37-4BCD-44DC-A6EC-0470999ECCE6}.Release|x64.Build.0 = Release|x64
		{C89BF896-BE2E-4770-9C19-C398F6FCAB78}.Debug no OpenCL|Any CPU.ActiveCfg = Debug no OpenCL|x64
		{C89BF896-BE2E-4770-9C19-C398F6FCAB78}.Debug no OpenCL|Any CPU.Build.0 = Debug no OpenCL|x64
		{C89BF896-BE2E-4770-9C19-C398F6FCAB78}.Debug no OpenCL|x64.ActiveCfg = Debug no OpenCL|x64
		{C89BF896-BE2E-4770-9C19-C398F6FCAB78}.Debug no OpenCL|x64.Build.0 = Debug no OpenCL|x64
		{C89BF896-BE2E-4770-9C19-C398F6FCAB78}.Debug|Any CPU.ActiveCfg = Debug|x64
		{C89BF896-BE2E-4770-9C19-C398F6FCAB78}.Debug|Any CPU.Build.0 = Debug|x64
		{C89BF896-BE2E-4770-9C19-C398F6FCAB78}.Debug|x64.ActiveCfg = Debug|x64
		{C89BF896-BE2E-4770-9C19-C398F6FCAB78}.Debug|x64.Build.0 = Debug|x64
		{C89BF896-BE2E-4770-9C19-C398F6FCAB78}.Release no OpenCL|Any CPU.ActiveCfg = Release no OpenCL|x64
		{C89BF896-BE2E-4770-9C19-C398F6FCAB78}.Release no OpenCL|Any CPU.Build.0 = Release no OpenCL|x64
		{C89BF896-BE2E-4770-9C19-C398F6FCAB78}.Release no OpenCL|x64.ActiveCfg = Release no OpenCL|x64
		{C89BF896-BE2E-4770-9C19-C398F6FCAB78}.Release no OpenCL|x64.Build.0 = Release no OpenCL|x64
		{C89BF896-BE2E-4770-9C19-C398F6FCAB78}.Release|Any CPU.ActiveCfg = Release|x64
		{C89BF896-BE2E-4770-9C19-C398F6FCAB78}.Release|Any CPU.Build.0 = Release|x64
		{C89BF896-BE2E-4770-9C19-C398F6FCAB78}.Release|x64.ActiveCfg = Release|x64
		{C89BF896-BE2E-4770-9C19-C398F6FCAB78}.Release|x64.Build.0 = Release|x64
		{48F53866-25B9-4EE3-B0EE-D68790624930}.Debug no OpenCL|Any CPU.ActiveCfg = Debug no OpenCL|x64
		{48F53866-25B9-4EE3-B0EE-D68790624930}.Debug no OpenCL|Any CPU.Build.0 = Debug no OpenCL|x64
		{48F53866-25B9-4EE3-B0EE-D68790624930}.Debug no OpenCL|x64.ActiveCfg = Debug no OpenCL|x64
		{48F53866-25B9-4EE3-B0EE-D68790624930}.Debug no OpenCL|x64.Build.0 = Debug no OpenCL|x64
		{48F53866-25B9-4EE3-B0EE-D68790624930}.Debug|Any CPU.ActiveCfg = Debug|x64
		{48F53866-25B9-4EE3-B0EE-D68790624930}.Debug|Any CPU.Build.0 = Debug|x64
		{48F53866-25B9-4EE3-B0EE-D68790624930}.Debug|x64.ActiveCfg = Debug|x64
		{48F53866-25B9-4EE3-B0EE-D68790624930}.Debug|x64.Build.0 = Debug|x64
		{48F53866-25B9-4EE3-B0EE-D68790624930}.Release no OpenCL|Any CPU.ActiveCfg = Release no OpenCL|x64
		{48F53866-25B9-4EE3-B0EE-D68790624930}.Release no OpenCL|Any CPU.Build.0 = Release no OpenCL|x64
		{48F53866-25B9-4EE3-B0EE-D68790624930}.Release no OpenCL|x64.ActiveCfg = Release no OpenCL|x64
		{48F53866-25B9-4EE3-B0EE-D68790624930}.Release no OpenCL|x64.Build.0 = Release no OpenCL|x64
		{48F53866-25B9-4EE3-B0EE-D68790624930}.Release|Any CPU.ActiveCfg = Release|x64
		{48F53866-25B9-4EE3-B0EE-D68790624930}.Release|Any CPU.Build.0 = Release|x64
		{48F53866-25B9-4EE3-B0EE-D68790624930}.Release|x64.ActiveCfg = Release|x64
		{48F53866-25B9-4EE3-B0EE-D68790624930}.Release|x64.Build.0 = Release|x64
		{58FEC952-8144-4B6D-9A31-A85784BF038A}.Debug no OpenCL|Any CPU.ActiveCfg = Debug no OpenCL|x64
		{58FEC952-8144-4B6D-9A31-A85784BF038A}.Debug no OpenCL|Any CPU.Build.0 = Debug no OpenCL|x64
		{58FEC952-8144-4B6D-9A31-A85784BF038A}.Debug no OpenCL|x64.ActiveCfg = Debug no OpenCL|x64
		{58FEC952-8144-4B6D-9A31-A85784BF038A}.Debug no OpenCL|x64.Build.0 = Debug no OpenCL|x64
		{58FEC952-8144-4B6D-9A31-A85784BF038A}.Debug|Any CPU.ActiveCfg = Debug|x64
		{58FEC952-8144-4B6D-9A31-A85784BF038A}.Debug|Any CPU.Build.0 = Debug|x64
		{58FEC952-8144-4B6D-9A31-A85784BF038A}.Debug|x64.ActiveCfg = Debug|x64
		{58FEC952-8144-4B6D-9A31-A85784BF038A}.Debug|x64.Build.0 = Debug|x64
		{58FEC952-8144-4B6D-9A31-A85784BF038A}.Release no OpenCL|Any CPU.ActiveCfg = Release no OpenCL|x64
		{58FEC952-8144-4B6D-9A31-A85784BF038A}.Release no OpenCL|Any CPU.Build.0 = Release no OpenCL|x64
		{58FEC952-8144-4B6D-9A31-A85784BF038A}.Release no OpenCL|x64.ActiveCfg = Release no OpenCL|x64
		{58FEC952-8144-4B6D-9A31-A85784BF038A}.Release no OpenCL|x64.Build.0 = Release no OpenCL|x64
		{58FEC952-8144-4B6D-9A31-A85784BF038A}.Release|Any CPU.ActiveCfg = Release|x64
		{58FEC952-8144-4B6D-9A31-A85784BF038A}.Release|Any CPU.Build.0 = Release|x64
		{58FEC952-8144-4B6D-9A31-A85784BF038A}.Release|x64.ActiveCfg = Release|x64
		{58FEC952-8144-4B6D-9A31-A85784BF038A}.Release|x64.Build.0 = Release|x64
		{BA94B144-C555-4822-8258-53A8861B7DC7}.Debug no OpenCL|Any CPU.ActiveCfg = Debug no OpenCL|Any CPU
		{BA94B144-C555-4822-8258-53A8861B7DC7}.Debug no OpenCL|x64.ActiveCfg = Debug no OpenCL|Any CPU
		{BA94B144-C555-4822-8258-53A8861B7DC7}.Debug|Any CPU.ActiveCfg = Debug|Any CPU
		{BA94B144-C555-4822-8258-53A8861B7DC7}.Debug|x64.ActiveCfg = Debug|Any CPU
		{BA94B144-C555-4822-8258-53A8861B7DC7}.Release no OpenCL|Any CPU.ActiveCfg = Release no OpenCL|Any CPU
		{BA94B144-C555-4822-8258-53A8861B7DC7}.Release no OpenCL|x64.ActiveCfg = Release no OpenCL|Any CPU
		{BA94B144-C555-4822-8258-53A8861B7DC7}.Release|Any CPU.ActiveCfg = Release|Any CPU
		{BA94B144-C555-4822-8258-53A8861B7DC7}.Release|x64.ActiveCfg = Release|Any CPU
	EndGlobalSection
	GlobalSection(SolutionProperties) = preSolution
		HideSolutionNode = FALSE
	EndGlobalSection
	GlobalSection(ExtensibilityGlobals) = postSolution
		SolutionGuid = {0F24038F-078D-4518-BBE3-791E20629148}
	EndGlobalSection
EndGlobal
